{"format_version":"1.0","provider_schemas":{"registry.terraform.io/fluxcd/flux":{"provider":{"version":0,"block":{"attributes":{"git":{"nested_type":{"attributes":{"author_email":{"type":"string","description":"Author email for Git commits.","description_kind":"plain","optional":true},"author_name":{"type":"string","description":"Author name for Git commits. Defaults to `Flux`.","description_kind":"plain","optional":true},"branch":{"type":"string","description":"Branch of the repository to reconcile from. Defaults to `main`.","description_kind":"plain","optional":true},"commit_message_appendix":{"type":"string","description":"String to add to the commit messages.","description_kind":"plain","optional":true},"gpg_key_id":{"type":"string","description":"Key id for selecting a particular GPG key.","description_kind":"plain","optional":true},"gpg_key_ring":{"type":"string","description":"Path to the GPG key ring for signing commits.","description_kind":"plain","optional":true},"gpg_passphrase":{"type":"string","description":"Passphrase for decrypting GPG private key.","description_kind":"plain","optional":true,"sensitive":true},"http":{"nested_type":{"attributes":{"allow_insecure_http":{"type":"bool","description":"Allows http Git url connections.","description_kind":"plain","optional":true},"certificate_authority":{"type":"string","description":"Certificate authority to validate self-signed certificates.","description_kind":"plain","optional":true},"password":{"type":"string","description":"Password for basic authentication.","description_kind":"plain","optional":true,"sensitive":true},"username":{"type":"string","description":"Username for basic authentication.","description_kind":"plain","optional":true}},"nesting_mode":"single"},"description_kind":"plain","optional":true},"ssh":{"nested_type":{"attributes":{"hostkey_algos":{"type":["list","string"],"description":"The list of hostkey algorithms to use for ssh connections, arranged from most preferred to the least.","description_kind":"plain","optional":true},"password":{"type":"string","description":"Password of the SSH private key.","description_kind":"plain","optional":true,"sensitive":true},"private_key":{"type":"string","description":"Private key used for authenticating to the Git SSH server.","description_kind":"plain","optional":true,"sensitive":true},"username":{"type":"string","description":"Username for Git SSH server.","description_kind":"plain","optional":true}},"nesting_mode":"single"},"description_kind":"plain","optional":true},"url":{"type":"string","description":"Url of Git repository to bootstrap from.","description_kind":"plain","required":true}},"nesting_mode":"single"},"description":"Configuration block with settings for Git.","description_kind":"plain","optional":true},"kubernetes":{"nested_type":{"attributes":{"client_certificate":{"type":"string","description":"PEM-encoded client certificate for TLS authentication.","description_kind":"plain","optional":true},"client_key":{"type":"string","description":"PEM-encoded client certificate key for TLS authentication.","description_kind":"plain","optional":true},"cluster_ca_certificate":{"type":"string","description":"PEM-encoded root certificates bundle for TLS authentication.","description_kind":"plain","optional":true},"config_context":{"type":"string","description":"Context to choose from the config file.","description_kind":"plain","optional":true},"config_context_auth_info":{"type":"string","description":"Authentication info context of the kube config (name of the kubeconfig user, `--user` flag in `kubectl`).","description_kind":"plain","optional":true},"config_context_cluster":{"type":"string","description":"Cluster context of the kube config (name of the kubeconfig cluster, `--cluster` flag in `kubectl`).","description_kind":"plain","optional":true},"config_path":{"type":"string","description":"Path to the kube config file. Can be set with KUBE_CONFIG_PATH.","description_kind":"plain","optional":true},"config_paths":{"type":["set","string"],"description":"A list of paths to kube config files. Can be set with KUBE_CONFIG_PATHS environment variable.","description_kind":"plain","optional":true},"exec":{"nested_type":{"attributes":{"api_version":{"type":"string","description":"Kubernetes client authentication API Version.","description_kind":"plain","required":true},"args":{"type":["list","string"],"description":"Client authentication exec command arguments.","description_kind":"plain","optional":true},"command":{"type":"string","description":"Client authentication exec command.","description_kind":"plain","required":true},"env":{"type":["map","string"],"description":"Client authentication exec environment variables.","description_kind":"plain","optional":true}},"nesting_mode":"single"},"description":"Kubernetes client authentication exec plugin configuration.","description_kind":"plain","optional":true},"host":{"type":"string","description":"The hostname (in form of URI) of Kubernetes master.","description_kind":"plain","optional":true},"insecure":{"type":"bool","description":"Whether server should be accessed without verifying the TLS certificate.","description_kind":"plain","optional":true},"password":{"type":"string","description":"The password to use for HTTP basic authentication when accessing the Kubernetes master endpoint.","description_kind":"plain","optional":true},"proxy_url":{"type":"string","description":"URL to the proxy to be used for all API requests.","description_kind":"plain","optional":true},"token":{"type":"string","description":"Token to authenticate an service account.","description_kind":"plain","optional":true},"username":{"type":"string","description":"The username to use for HTTP basic authentication when accessing the Kubernetes master endpoint.","description_kind":"plain","optional":true}},"nesting_mode":"single"},"description":"Configuration block with settings for Kubernetes.","description_kind":"plain","optional":true}},"description_kind":"plain"}},"resource_schemas":{"flux_bootstrap_git":{"version":0,"block":{"attributes":{"cluster_domain":{"type":"string","description":"The internal cluster domain. Defaults to `cluster.local`","description_kind":"plain","optional":true,"computed":true},"components":{"type":["set","string"],"description":"Toolkit components to include in the install manifests. Defaults to `[source-controller kustomize-controller helm-controller notification-controller]`","description_kind":"plain","optional":true,"computed":true},"components_extra":{"type":["set","string"],"description":"List of extra components to include in the install manifests.","description_kind":"plain","optional":true},"delete_git_manifests":{"type":"bool","description":"Delete manifests from git repository. Defaults to `true`.","description_kind":"plain","optional":true,"computed":true},"disable_secret_creation":{"type":"bool","description":"Use the existing secret for flux controller and don't create one from bootstrap","description_kind":"plain","optional":true},"embedded_manifests":{"type":"bool","description":"When enabled, the Flux manifests will be extracted from the provider binary instead of being downloaded from GitHub.com. Defaults to `false`.","description_kind":"plain","optional":true,"computed":true},"id":{"type":"string","description_kind":"plain","computed":true},"image_pull_secret":{"type":"string","description":"Kubernetes secret name used for pulling the toolkit images from a private registry.","description_kind":"plain","optional":true},"interval":{"type":"string","description":"Interval at which to reconcile from bootstrap repository. Defaults to `1m0s`.","description_kind":"plain","optional":true,"computed":true},"keep_namespace":{"type":"bool","description":"Keep the namespace after uninstalling Flux components. Defaults to `false`.","description_kind":"plain","optional":true,"computed":true},"kustomization_override":{"type":"string","description":"Kustomization to override configuration set by default.","description_kind":"plain","optional":true},"log_level":{"type":"string","description":"Log level for toolkit components. Defaults to `info`.","description_kind":"plain","optional":true,"computed":true},"manifests_path":{"type":"string","description":"The install manifests are built from a GitHub release or kustomize overlay if using a local path. Defaults to `https://github.com/fluxcd/flux2/releases`.","description_kind":"plain","deprecated":true,"optional":true},"namespace":{"type":"string","description":"The namespace scope for install manifests. Defaults to `flux-system`. It will be created if it does not exist.","description_kind":"plain","optional":true,"computed":true},"network_policy":{"type":"bool","description":"Deny ingress access to the toolkit controllers from other namespaces using network policies. Defaults to `true`.","description_kind":"plain","optional":true,"computed":true},"path":{"type":"string","description":"Path relative to the repository root, when specified the cluster sync will be scoped to this path (immutable).","description_kind":"plain","optional":true},"recurse_submodules":{"type":"bool","description":"Configures the GitRepository source to initialize and include Git submodules in the artifact it produces.","description_kind":"plain","optional":true},"registry":{"type":"string","description":"Container registry where the toolkit images are published. Defaults to `ghcr.io/fluxcd`.","description_kind":"plain","optional":true,"computed":true},"registry_credentials":{"type":"string","description":"Container registry credentials in the format 'user:password'","description_kind":"plain","optional":true},"repository_files":{"type":["map","string"],"description":"Git repository files created and managed by the provider.","description_kind":"plain","computed":true},"secret_name":{"type":"string","description":"Name of the secret the sync credentials can be found in or stored to. Defaults to `flux-system`.","description_kind":"plain","optional":true,"computed":true},"timeouts":{"nested_type":{"attributes":{"create":{"type":"string","description":"A string that can be [parsed as a duration](https://pkg.go.dev/time#ParseDuration) consisting of numbers and unit suffixes, such as \"30s\" or \"2h45m\". Valid time units are \"s\" (seconds), \"m\" (minutes), \"h\" (hours).","description_kind":"plain","optional":true},"delete":{"type":"string","description":"A string that can be [parsed as a duration](https://pkg.go.dev/time#ParseDuration) consisting of numbers and unit suffixes, such as \"30s\" or \"2h45m\". Valid time units are \"s\" (seconds), \"m\" (minutes), \"h\" (hours). Setting a timeout for a Delete operation is only applicable if changes are saved into state before the destroy operation occurs.","description_kind":"plain","optional":true},"read":{"type":"string","description":"A string that can be [parsed as a duration](https://pkg.go.dev/time#ParseDuration) consisting of numbers and unit suffixes, such as \"30s\" or \"2h45m\". Valid time units are \"s\" (seconds), \"m\" (minutes), \"h\" (hours). Read operations occur during any refresh or planning operation when refresh is enabled.","description_kind":"plain","optional":true},"update":{"type":"string","description":"A string that can be [parsed as a duration](https://pkg.go.dev/time#ParseDuration) consisting of numbers and unit suffixes, such as \"30s\" or \"2h45m\". Valid time units are \"s\" (seconds), \"m\" (minutes), \"h\" (hours).","description_kind":"plain","optional":true}},"nesting_mode":"single"},"description_kind":"plain","optional":true},"toleration_keys":{"type":["set","string"],"description":"List of toleration keys used to schedule the components pods onto nodes with matching taints.","description_kind":"plain","optional":true},"version":{"type":"string","description":"Flux version. Defaults to `v2.6.4`. Has no effect when `embedded_manifests` is enabled.","description_kind":"plain","optional":true,"computed":true},"watch_all_namespaces":{"type":"bool","description":"If true watch for custom resources in all namespaces. Defaults to `true`.","description_kind":"plain","optional":true,"computed":true}},"description":"Commits Flux components to a Git repository and configures a Kubernetes cluster to synchronize with the same Git repository.","description_kind":"markdown"}}}}}}
